Microsoft Visual Studio Solution File, Format Version 11.00
# Visual Studio 2008

Project("{7C07718A-AFD3-CA02-2F13-AEC78201D9D8}") = "Arcanoid", "Assembly-CSharp.csproj", "{607E7512-64E9-7CD6-D5A9-EDF361993BC5}"
EndProject
Global
	GlobalSection(SolutionConfigurationPlatforms) = preSolution
		Debug|Any CPU = Debug|Any CPU
		Release|Any CPU = Release|Any CPU
	EndGlobalSection
	GlobalSection(ProjectConfigurationPlatforms) = postSolution
		{607E7512-64E9-7CD6-D5A9-EDF361993BC5}.Debug|Any CPU.ActiveCfg = Debug|Any CPU
		{607E7512-64E9-7CD6-D5A9-EDF361993BC5}.Debug|Any CPU.Build.0 = Debug|Any CPU
		{607E7512-64E9-7CD6-D5A9-EDF361993BC5}.Release|Any CPU.ActiveCfg = Release|Any CPU
		{607E7512-64E9-7CD6-D5A9-EDF361993BC5}.Release|Any CPU.Build.0 = Release|Any CPU
	EndGlobalSection
	GlobalSection(SolutionProperties) = preSolution
		HideSolutionNode = FALSE
	EndGlobalSection
	GlobalSection(MonoDevelopProperties) = preSolution
		StartupItem = Assembly-CSharp.csproj
	EndGlobalSection
EndGlobal
