Microsoft Visual Studio Solution File, Format Version 11.00
# Visual Studio 2008

Project("{285ED347-ADE3-8200-1BBA-F5FA2CFF3854}") = "Arkanoid", "Assembly-CSharp-firstpass.csproj", "{47404782-051E-A11E-A7C4-FAE9524BB8BF}"
EndProject
Project("{285ED347-ADE3-8200-1BBA-F5FA2CFF3854}") = "Arkanoid", "Assembly-CSharp.csproj", "{2194B913-A83D-7162-538B-103EE6ED2AD2}"
EndProject
Project("{285ED347-ADE3-8200-1BBA-F5FA2CFF3854}") = "Arkanoid", "Assembly-CSharp-Editor.csproj", "{1C4B021D-665D-4588-A5F5-02D17DD38B8A}"
EndProject
Global
	GlobalSection(SolutionConfigurationPlatforms) = preSolution
		Debug|Any CPU = Debug|Any CPU
		Release|Any CPU = Release|Any CPU
	EndGlobalSection
	GlobalSection(ProjectConfigurationPlatforms) = postSolution
		{47404782-051E-A11E-A7C4-FAE9524BB8BF}.Debug|Any CPU.ActiveCfg = Debug|Any CPU
		{47404782-051E-A11E-A7C4-FAE9524BB8BF}.Debug|Any CPU.Build.0 = Debug|Any CPU
		{47404782-051E-A11E-A7C4-FAE9524BB8BF}.Release|Any CPU.ActiveCfg = Release|Any CPU
		{47404782-051E-A11E-A7C4-FAE9524BB8BF}.Release|Any CPU.Build.0 = Release|Any CPU
		{2194B913-A83D-7162-538B-103EE6ED2AD2}.Debug|Any CPU.ActiveCfg = Debug|Any CPU
		{2194B913-A83D-7162-538B-103EE6ED2AD2}.Debug|Any CPU.Build.0 = Debug|Any CPU
		{2194B913-A83D-7162-538B-103EE6ED2AD2}.Release|Any CPU.ActiveCfg = Release|Any CPU
		{2194B913-A83D-7162-538B-103EE6ED2AD2}.Release|Any CPU.Build.0 = Release|Any CPU
		{1C4B021D-665D-4588-A5F5-02D17DD38B8A}.Debug|Any CPU.ActiveCfg = Debug|Any CPU
		{1C4B021D-665D-4588-A5F5-02D17DD38B8A}.Debug|Any CPU.Build.0 = Debug|Any CPU
		{1C4B021D-665D-4588-A5F5-02D17DD38B8A}.Release|Any CPU.ActiveCfg = Release|Any CPU
		{1C4B021D-665D-4588-A5F5-02D17DD38B8A}.Release|Any CPU.Build.0 = Release|Any CPU
	EndGlobalSection
	GlobalSection(SolutionProperties) = preSolution
		HideSolutionNode = FALSE
	EndGlobalSection
	GlobalSection(MonoDevelopProperties) = preSolution
		StartupItem = Assembly-CSharp.csproj
	EndGlobalSection
EndGlobal
